
Microsoft Visual Studio Solution File, Format Version 12.00
# Visual Studio Version 16
VisualStudioVersion = 16.0.29318.209
MinimumVisualStudioVersion = 10.0.40219.1
Project("{FAE04EC0-301F-11D3-BF4B-00C04F79EFBC}") = "Somma 2 numeri Samu", "Somma 2 numeri Samu.csproj", "{EE9E559B-898B-476C-86E3-47BDD92474CE}"
EndProject
Global
	GlobalSection(SolutionConfigurationPlatforms) = preSolution
		Debug|Any CPU = Debug|Any CPU
		Release|Any CPU = Release|Any CPU
	EndGlobalSection
	GlobalSection(ProjectConfigurationPlatforms) = postSolution
		{EE9E559B-898B-476C-86E3-47BDD92474CE}.Debug|Any CPU.ActiveCfg = Debug|Any CPU
		{EE9E559B-898B-476C-86E3-47BDD92474CE}.Debug|Any CPU.Build.0 = Debug|Any CPU
		{EE9E559B-898B-476C-86E3-47BDD92474CE}.Release|Any CPU.ActiveCfg = Release|Any CPU
		{EE9E559B-898B-476C-86E3-47BDD92474CE}.Release|Any CPU.Build.0 = Release|Any CPU
	EndGlobalSection
	GlobalSection(SolutionProperties) = preSolution
		HideSolutionNode = FALSE
	EndGlobalSection
	GlobalSection(ExtensibilityGlobals) = postSolution
		SolutionGuid = {731C2FC4-4087-4014-9ECE-CD8C66C42B23}
	EndGlobalSection
EndGlobal
